Microsoft Visual Studio Solution File, Format Version 12.00
# Visual Studio Version 17
VisualStudioVersion = 17.5.2.0
MinimumVisualStudioVersion = 10.0.40219.1
Project("{FAE04EC0-301F-11D3-BF4B-00C04F79EFBC}") = "glicemia", "glicemia.csproj", "{A560B2E0-3DF6-47E7-E4DE-4CA1022CB143}"
EndProject
Global
	GlobalSection(SolutionConfigurationPlatforms) = preSolution
		Debug|Any CPU = Debug|Any CPU
		Release|Any CPU = Release|Any CPU
	EndGlobalSection
	GlobalSection(ProjectConfigurationPlatforms) = postSolution
		{A560B2E0-3DF6-47E7-E4DE-4CA1022CB143}.Debug|Any CPU.ActiveCfg = Debug|Any CPU
		{A560B2E0-3DF6-47E7-E4DE-4CA1022CB143}.Debug|Any CPU.Build.0 = Debug|Any CPU
		{A560B2E0-3DF6-47E7-E4DE-4CA1022CB143}.Release|Any CPU.ActiveCfg = Release|Any CPU
		{A560B2E0-3DF6-47E7-E4DE-4CA1022CB143}.Release|Any CPU.Build.0 = Release|Any CPU
	EndGlobalSection
	GlobalSection(SolutionProperties) = preSolution
		HideSolutionNode = FALSE
	EndGlobalSection
	GlobalSection(ExtensibilityGlobals) = postSolution
		SolutionGuid = {5FB42704-54F3-48C6-BDB4-B801E060BE84}
	EndGlobalSection
EndGlobal
